// !$*UTF8*$!
{
	archiveVersion = 1;
	classes = {
	};
	objectVersion = 50;
	objects = {

/* Begin PBXBuildFile section */
		6650B95C26F6F6090068857D /* AppDelegate.swift in Sources */ = {isa = PBXBuildFile; fileRef = 6650B95B26F6F6090068857D /* AppDelegate.swift */; };
		6650B95E26F6F6090068857D /* SceneDelegate.swift in Sources */ = {isa = PBXBuildFile; fileRef = 6650B95D26F6F6090068857D /* SceneDelegate.swift */; };
		6650B96026F6F6090068857D /* ViewController.swift in Sources */ = {isa = PBXBuildFile; fileRef = 6650B95F26F6F6090068857D /* ViewController.swift */; };
		6650B96326F6F6090068857D /* Main.storyboard in Resources */ = {isa = PBXBuildFile; fileRef = 6650B96126F6F6090068857D /* Main.storyboard */; };
		6650B96526F6F60B0068857D /* Assets.xcassets in Resources */ = {isa = PBXBuildFile; fileRef = 6650B96426F6F60B0068857D /* Assets.xcassets */; };
		6650B96826F6F60B0068857D /* LaunchScreen.storyboard in Resources */ = {isa = PBXBuildFile; fileRef = 6650B96626F6F60B0068857D /* LaunchScreen.storyboard */; };
		6650B97326F6F60B0068857D /* WeatherTests.swift in Sources */ = {isa = PBXBuildFile; fileRef = 6650B97226F6F60B0068857D /* WeatherTests.swift */; };
		6650B97E26F6F60B0068857D /* WeatherUITests.swift in Sources */ = {isa = PBXBuildFile; fileRef = 6650B97D26F6F60B0068857D /* WeatherUITests.swift */; };
/* End PBXBuildFile section */

/* Begin PBXContainerItemProxy section */
		6650B96F26F6F60B0068857D /* PBXContainerItemProxy */ = {
			isa = PBXContainerItemProxy;
			containerPortal = 6650B95026F6F6090068857D /* Project object */;
			proxyType = 1;
			remoteGlobalIDString = 6650B95726F6F6090068857D;
			remoteInfo = Weather;
		};
		6650B97A26F6F60B0068857D /* PBXContainerItemProxy */ = {
			isa = PBXContainerItemProxy;
			containerPortal = 6650B95026F6F6090068857D /* Project object */;
			proxyType = 1;
			remoteGlobalIDString = 6650B95726F6F6090068857D;
			remoteInfo = Weather;
		};
/* End PBXContainerItemProxy section */

/* Begin PBXFileReference section */
		6650B95826F6F6090068857D /* Weather.app */ = {isa = PBXFileReference; explicitFileType = wrapper.application; includeInIndex = 0; path = Weather.app; sourceTree = BUILT_PRODUCTS_DIR; };
		6650B95B26F6F6090068857D /* AppDelegate.swift */ = {isa = PBXFileReference; lastKnownFileType = sourcecode.swift; path = AppDelegate.swift; sourceTree = "<group>"; };
		6650B95D26F6F6090068857D /* SceneDelegate.swift */ = {isa = PBXFileReference; lastKnownFileType = sourcecode.swift; path = SceneDelegate.swift; sourceTree = "<group>"; };
		6650B95F26F6F6090068857D /* ViewController.swift */ = {isa = PBXFileReference; lastKnownFileType = sourcecode.swift; path = ViewController.swift; sourceTree = "<group>"; };
		6650B96226F6F6090068857D /* Base */ = {isa = PBXFileReference; lastKnownFileType = file.storyboard; name = Base; path = Base.lproj/Main.storyboard; sourceTree = "<group>"; };
		6650B96426F6F60B0068857D /* Assets.xcassets */ = {isa = PBXFileReference; lastKnownFileType = folder.assetcatalog; path = Assets.xcassets; sourceTree = "<group>"; };
		6650B96726F6F60B0068857D /* Base */ = {isa = PBXFileReference; lastKnownFileType = file.storyboard; name = Base; path = Base.lproj/LaunchScreen.storyboard; sourceTree = "<group>"; };
		6650B96926F6F60B0068857D /* Info.plist */ = {isa = PBXFileReference; lastKnownFileType = text.plist.xml; path = Info.plist; sourceTree = "<group>"; };
		6650B96E26F6F60B0068857D /* WeatherTests.xctest */ = {isa = PBXFileReference; explicitFileType = wrapper.cfbundle; includeInIndex = 0; path = WeatherTests.xctest; sourceTree = BUILT_PRODUCTS_DIR; };
		6650B97226F6F60B0068857D /* WeatherTests.swift */ = {isa = PBXFileReference; lastKnownFileType = sourcecode.swift; path = WeatherTests.swift; sourceTree = "<group>"; };
		6650B97426F6F60B0068857D /* Info.plist */ = {isa = PBXFileReference; lastKnownFileType = text.plist.xml; path = Info.plist; sourceTree = "<group>"; };
		6650B97926F6F60B0068857D /* WeatherUITests.xctest */ = {isa = PBXFileReference; explicitFileType = wrapper.cfbundle; includeInIndex = 0; path = WeatherUITests.xctest; sourceTree = BUILT_PRODUCTS_DIR; };
		6650B97D26F6F60B0068857D /* WeatherUITests.swift */ = {isa = PBXFileReference; lastKnownFileType = sourcecode.swift; path = WeatherUITests.swift; sourceTree = "<group>"; };
		6650B97F26F6F60B0068857D /* Info.plist */ = {isa = PBXFileReference; lastKnownFileType = text.plist.xml; path = Info.plist; sourceTree = "<group>"; };
/* End PBXFileReference section */

/* Begin PBXFrameworksBuildPhase section */
		6650B95526F6F6090068857D /* Frameworks */ = {
			isa = PBXFrameworksBuildPhase;
			buildActionMask = 2147483647;
			files = (
			);
			runOnlyForDeploymentPostprocessing = 0;
		};
		6650B96B26F6F60B0068857D /* Frameworks */ = {
			isa = PBXFrameworksBuildPhase;
			buildActionMask = 2147483647;
			files = (
			);
			runOnlyForDeploymentPostprocessing = 0;
		};
		6650B97626F6F60B0068857D /* Frameworks */ = {
			isa = PBXFrameworksBuildPhase;
			buildActionMask = 2147483647;
			files = (
			);
			runOnlyForDeploymentPostprocessing = 0;
		};
/* End PBXFrameworksBuildPhase section */

/* Begin PBXGroup section */
		6650B94F26F6F6090068857D = {
			isa = PBXGroup;
			children = (
				6650B95A26F6F6090068857D /* Weather */,
				6650B97126F6F60B0068857D /* WeatherTests */,
				6650B97C26F6F60B0068857D /* WeatherUITests */,
				6650B95926F6F6090068857D /* Products */,
			);
			sourceTree = "<group>";
		};
		6650B95926F6F6090068857D /* Products */ = {
			isa = PBXGroup;
			children = (
				6650B95826F6F6090068857D /* Weather.app */,
				6650B96E26F6F60B0068857D /* WeatherTests.xctest */,
				6650B97926F6F60B0068857D /* WeatherUITests.xctest */,
			);
			name = Products;
			sourceTree = "<group>";
		};
		6650B95A26F6F6090068857D /* Weather */ = {
			isa = PBXGroup;
			children = (
				6650B95B26F6F6090068857D /* AppDelegate.swift */,
				6650B95D26F6F6090068857D /* SceneDelegate.swift */,
				6650B95F26F6F6090068857D /* ViewController.swift */,
				6650B96126F6F6090068857D /* Main.storyboard */,
				6650B96426F6F60B0068857D /* Assets.xcassets */,
				6650B96626F6F60B0068857D /* LaunchScreen.storyboard */,
				6650B96926F6F60B0068857D /* Info.plist */,
			);
			path = Weather;
			sourceTree = "<group>";
		};
		6650B97126F6F60B0068857D /* WeatherTests */ = {
			isa = PBXGroup;
			children = (
				6650B97226F6F60B0068857D /* WeatherTests.swift */,
				6650B97426F6F60B0068857D /* Info.plist */,
			);
			path = WeatherTests;
			sourceTree = "<group>";
		};
		6650B97C26F6F60B0068857D /* WeatherUITests */ = {
			isa = PBXGroup;
			children = (
				6650B97D26F6F60B0068857D /* WeatherUITests.swift */,
				6650B97F26F6F60B0068857D /* Info.plist */,
			);
			path = WeatherUITests;
			sourceTree = "<group>";
		};
/* End PBXGroup section */

/* Begin PBXNativeTarget section */
		6650B95726F6F6090068857D /* Weather */ = {
			isa = PBXNativeTarget;
			buildConfigurationList = 6650B98226F6F60B0068857D /* Build configuration list for PBXNativeTarget "Weather" */;
			buildPhases = (
				6650B95426F6F6090068857D /* Sources */,
				6650B95526F6F6090068857D /* Frameworks */,
				6650B95626F6F6090068857D /* Resources */,
			);
			buildRules = (
			);
			dependencies = (
			);
			name = Weather;
			productName = Weather;
			productReference = 6650B95826F6F6090068857D /* Weather.app */;
			productType = "com.apple.product-type.application";
		};
		6650B96D26F6F60B0068857D /* WeatherTests */ = {
			isa = PBXNativeTarget;
			buildConfigurationList = 6650B98526F6F60B0068857D /* Build configuration list for PBXNativeTarget "WeatherTests" */;
			buildPhases = (
				6650B96A26F6F60B0068857D /* Sources */,
				6650B96B26F6F60B0068857D /* Frameworks */,
				6650B96C26F6F60B0068857D /* Resources */,
			);
			buildRules = (
			);
			dependencies = (
				6650B97026F6F60B0068857D /* PBXTargetDependency */,
			);
			name = WeatherTests;
			productName = WeatherTests;
			productReference = 6650B96E26F6F60B0068857D /* WeatherTests.xctest */;
			productType = "com.apple.product-type.bundle.unit-test";
		};
		6650B97826F6F60B0068857D /* WeatherUITests */ = {
			isa = PBXNativeTarget;
			buildConfigurationList = 6650B98826F6F60B0068857D /* Build configuration list for PBXNativeTarget "WeatherUITests" */;
			buildPhases = (
				6650B97526F6F60B0068857D /* Sources */,
				6650B97626F6F60B0068857D /* Frameworks */,
				6650B97726F6F60B0068857D /* Resources */,
			);
			buildRules = (
			);
			dependencies = (
				6650B97B26F6F60B0068857D /* PBXTargetDependency */,
			);
			name = WeatherUITests;
			productName = WeatherUITests;
			productReference = 6650B97926F6F60B0068857D /* WeatherUITests.xctest */;
			productType = "com.apple.product-type.bundle.ui-testing";
		};
/* End PBXNativeTarget section */

/* Begin PBXProject section */
		6650B95026F6F6090068857D /* Project object */ = {
			isa = PBXProject;
			attributes = {
				LastSwiftUpdateCheck = 1240;
				LastUpgradeCheck = 1240;
				TargetAttributes = {
					6650B95726F6F6090068857D = {
						CreatedOnToolsVersion = 12.4;
					};
					6650B96D26F6F60B0068857D = {
						CreatedOnToolsVersion = 12.4;
						TestTargetID = 6650B95726F6F6090068857D;
					};
					6650B97826F6F60B0068857D = {
						CreatedOnToolsVersion = 12.4;
						TestTargetID = 6650B95726F6F6090068857D;
					};
				};
			};
			buildConfigurationList = 6650B95326F6F6090068857D /* Build configuration list for PBXProject "Weather" */;
			compatibilityVersion = "Xcode 9.3";
			developmentRegion = en;
			hasScannedForEncodings = 0;
			knownRegions = (
				en,
				Base,
			);
			mainGroup = 6650B94F26F6F6090068857D;
			productRefGroup = 6650B95926F6F6090068857D /* Products */;
			projectDirPath = "";
			projectRoot = "";
			targets = (
				6650B95726F6F6090068857D /* Weather */,
				6650B96D26F6F60B0068857D /* WeatherTests */,
				6650B97826F6F60B0068857D /* WeatherUITests */,
			);
		};
/* End PBXProject section */

/* Begin PBXResourcesBuildPhase section */
		6650B95626F6F6090068857D /* Resources */ = {
			isa = PBXResourcesBuildPhase;
			buildActionMask = 2147483647;
			files = (
				6650B96826F6F60B0068857D /* LaunchScreen.storyboard in Resources */,
				6650B96526F6F60B0068857D /* Assets.xcassets in Resources */,
				6650B96326F6F6090068857D /* Main.storyboard in Resources */,
			);
			runOnlyForDeploymentPostprocessing = 0;
		};
		6650B96C26F6F60B0068857D /* Resources */ = {
			isa = PBXResourcesBuildPhase;
			buildActionMask = 2147483647;
			files = (
			);
			runOnlyForDeploymentPostprocessing = 0;
		};
		6650B97726F6F60B0068857D /* Resources */ = {
			isa = PBXResourcesBuildPhase;
			buildActionMask = 2147483647;
			files = (
			);
			runOnlyForDeploymentPostprocessing = 0;
		};
/* End PBXResourcesBuildPhase section */

/* Begin PBXSourcesBuildPhase section */
		6650B95426F6F6090068857D /* Sources */ = {
			isa = PBXSourcesBuildPhase;
			buildActionMask = 2147483647;
			files = (
				6650B96026F6F6090068857D /* ViewController.swift in Sources */,
				6650B95C26F6F6090068857D /* AppDelegate.swift in Sources */,
				6650B95E26F6F6090068857D /* SceneDelegate.swift in Sources */,
			);
			runOnlyForDeploymentPostprocessing = 0;
		};
		6650B96A26F6F60B0068857D /* Sources */ = {
			isa = PBXSourcesBuildPhase;
			buildActionMask = 2147483647;
			files = (
				6650B97326F6F60B0068857D /* WeatherTests.swift in Sources */,
			);
			runOnlyForDeploymentPostprocessing = 0;
		};
		6650B97526F6F60B0068857D /* Sources */ = {
			isa = PBXSourcesBuildPhase;
			buildActionMask = 2147483647;
			files = (
				6650B97E26F6F60B0068857D /* WeatherUITests.swift in Sources */,
			);
			runOnlyForDeploymentPostprocessing = 0;
		};
/* End PBXSourcesBuildPhase section */

/* Begin PBXTargetDependency section */
		6650B97026F6F60B0068857D /* PBXTargetDependency */ = {
			isa = PBXTargetDependency;
			target = 6650B95726F6F6090068857D /* Weather */;
			targetProxy = 6650B96F26F6F60B0068857D /* PBXContainerItemProxy */;
		};
		6650B97B26F6F60B0068857D /* PBXTargetDependency */ = {
			isa = PBXTargetDependency;
			target = 6650B95726F6F6090068857D /* Weather */;
			targetProxy = 6650B97A26F6F60B0068857D /* PBXContainerItemProxy */;
		};
/* End PBXTargetDependency section */

/* Begin PBXVariantGroup section */
		6650B96126F6F6090068857D /* Main.storyboard */ = {
			isa = PBXVariantGroup;
			children = (
				6650B96226F6F6090068857D /* Base */,
			);
			name = Main.storyboard;
			sourceTree = "<group>";
		};
		6650B96626F6F60B0068857D /* LaunchScreen.storyboard */ = {
			isa = PBXVariantGroup;
			children = (
				6650B96726F6F60B0068857D /* Base */,
			);
			name = LaunchScreen.storyboard;
			sourceTree = "<group>";
		};
/* End PBXVariantGroup section */

/* Begin XCBuildConfiguration section */
		6650B98026F6F60B0068857D /* Debug */ = {
			isa = XCBuildConfiguration;
			buildSettings = {
				ALWAYS_SEARCH_USER_PATHS = NO;
				CLANG_ANALYZER_NONNULL = YES;
				CLANG_ANALYZER_NUMBER_OBJECT_CONVERSION = YES_AGGRESSIVE;
				CLANG_CXX_LANGUAGE_STANDARD = "gnu++14";
				CLANG_CXX_LIBRARY = "libc++";
				CLANG_ENABLE_MODULES = YES;
				CLANG_ENABLE_OBJC_ARC = YES;
				CLANG_ENABLE_OBJC_WEAK = YES;
				CLANG_WARN_BLOCK_CAPTURE_AUTORELEASING = YES;
				CLANG_WARN_BOOL_CONVERSION = YES;
				CLANG_WARN_COMMA = YES;
				CLANG_WARN_CONSTANT_CONVERSION = YES;
				CLANG_WARN_DEPRECATED_OBJC_IMPLEMENTATIONS = YES;
				CLANG_WARN_DIRECT_OBJC_ISA_USAGE = YES_ERROR;
				CLANG_WARN_DOCUMENTATION_COMMENTS = YES;
				CLANG_WARN_EMPTY_BODY = YES;
				CLANG_WARN_ENUM_CONVERSION = YES;
				CLANG_WARN_INFINITE_RECURSION = YES;
				CLANG_WARN_INT_CONVERSION = YES;
				CLANG_WARN_NON_LITERAL_NULL_CONVERSION = YES;
				CLANG_WARN_OBJC_IMPLICIT_RETAIN_SELF = YES;
				CLANG_WARN_OBJC_LITERAL_CONVERSION = YES;
				CLANG_WARN_OBJC_ROOT_CLASS = YES_ERROR;
				CLANG_WARN_QUOTED_INCLUDE_IN_FRAMEWORK_HEADER = YES;
				CLANG_WARN_RANGE_LOOP_ANALYSIS = YES;
				CLANG_WARN_STRICT_PROTOTYPES = YES;
				CLANG_WARN_SUSPICIOUS_MOVE = YES;
				CLANG_WARN_UNGUARDED_AVAILABILITY = YES_AGGRESSIVE;
				CLANG_WARN_UNREACHABLE_CODE = YES;
				CLANG_WARN__DUPLICATE_METHOD_MATCH = YES;
				COPY_PHASE_STRIP = NO;
				DEBUG_INFORMATION_FORMAT = dwarf;
				ENABLE_STRICT_OBJC_MSGSEND = YES;
				ENABLE_TESTABILITY = YES;
				GCC_C_LANGUAGE_STANDARD = gnu11;
				GCC_DYNAMIC_NO_PIC = NO;
				GCC_NO_COMMON_BLOCKS = YES;
				GCC_OPTIMIZATION_LEVEL = 0;
				GCC_PREPROCESSOR_DEFINITIONS = (
					"DEBUG=1",
					"$(inherited)",
				);
				GCC_WARN_64_TO_32_BIT_CONVERSION = YES;
				GCC_WARN_ABOUT_RETURN_TYPE = YES_ERROR;
				GCC_WARN_UNDECLARED_SELECTOR = YES;
				GCC_WARN_UNINITIALIZED_AUTOS = YES_AGGRESSIVE;
				GCC_WARN_UNUSED_FUNCTION = YES;
				GCC_WARN_UNUSED_VARIABLE = YES;
				IPHONEOS_DEPLOYMENT_TARGET = 14.4;
				MTL_ENABLE_DEBUG_INFO = INCLUDE_SOURCE;
				MTL_FAST_MATH = YES;
				ONLY_ACTIVE_ARCH = YES;
				SDKROOT = iphoneos;
				SWIFT_ACTIVE_COMPILATION_CONDITIONS = DEBUG;
				SWIFT_OPTIMIZATION_LEVEL = "-Onone";
			};
			name = Debug;
		};
		6650B98126F6F60B0068857D /* Release */ = {
			isa = XCBuildConfiguration;
			buildSettings = {
				ALWAYS_SEARCH_USER_PATHS = NO;
				CLANG_ANALYZER_NONNULL = YES;
				CLANG_ANALYZER_NUMBER_OBJECT_CONVERSION = YES_AGGRESSIVE;
				CLANG_CXX_LANGUAGE_STANDARD = "gnu++14";
				CLANG_CXX_LIBRARY = "libc++";
				CLANG_ENABLE_MODULES = YES;
				CLANG_ENABLE_OBJC_ARC = YES;
				CLANG_ENABLE_OBJC_WEAK = YES;
				CLANG_WARN_BLOCK_CAPTURE_AUTORELEASING = YES;
				CLANG_WARN_BOOL_CONVERSION = YES;
				CLANG_WARN_COMMA = YES;
				CLANG_WARN_CONSTANT_CONVERSION = YES;
				CLANG_WARN_DEPRECATED_OBJC_IMPLEMENTATIONS = YES;
				CLANG_WARN_DIRECT_OBJC_ISA_USAGE = YES_ERROR;
				CLANG_WARN_DOCUMENTATION_COMMENTS = YES;
				CLANG_WARN_EMPTY_BODY = YES;
				CLANG_WARN_ENUM_CONVERSION = YES;
				CLANG_WARN_INFINITE_RECURSION = YES;
				CLANG_WARN_INT_CONVERSION = YES;
				CLANG_WARN_NON_LITERAL_NULL_CONVERSION = YES;
				CLANG_WARN_OBJC_IMPLICIT_RETAIN_SELF = YES;
				CLANG_WARN_OBJC_LITERAL_CONVERSION = YES;
				CLANG_WARN_OBJC_ROOT_CLASS = YES_ERROR;
				CLANG_WARN_QUOTED_INCLUDE_IN_FRAMEWORK_HEADER = YES;
				CLANG_WARN_RANGE_LOOP_ANALYSIS = YES;
				CLANG_WARN_STRICT_PROTOTYPES = YES;
				CLANG_WARN_SUSPICIOUS_MOVE = YES;
				CLANG_WARN_UNGUARDED_AVAILABILITY = YES_AGGRESSIVE;
				CLANG_WARN_UNREACHABLE_CODE = YES;
				CLANG_WARN__DUPLICATE_METHOD_MATCH = YES;
				COPY_PHASE_STRIP = NO;
				DEBUG_INFORMATION_FORMAT = "dwarf-with-dsym";
				ENABLE_NS_ASSERTIONS = NO;
				ENABLE_STRICT_OBJC_MSGSEND = YES;
				GCC_C_LANGUAGE_STANDARD = gnu11;
				GCC_NO_COMMON_BLOCKS = YES;
				GCC_WARN_64_TO_32_BIT_CONVERSION = YES;
				GCC_WARN_ABOUT_RETURN_TYPE = YES_ERROR;
				GCC_WARN_UNDECLARED_SELECTOR = YES;
				GCC_WARN_UNINITIALIZED_AUTOS = YES_AGGRESSIVE;
				GCC_WARN_UNUSED_FUNCTION = YES;
				GCC_WARN_UNUSED_VARIABLE = YES;
				IPHONEOS_DEPLOYMENT_TARGET = 14.4;
				MTL_ENABLE_DEBUG_INFO = NO;
				MTL_FAST_MATH = YES;
				SDKROOT = iphoneos;
				SWIFT_COMPILATION_MODE = wholemodule;
				SWIFT_OPTIMIZATION_LEVEL = "-O";
				VALIDATE_PRODUCT = YES;
			};
			name = Release;
		};
		6650B98326F6F60B0068857D /* Debug */ = {
			isa = XCBuildConfiguration;
			buildSettings = {
				ASSETCATALOG_COMPILER_APPICON_NAME = AppIcon;
				ASSETCATALOG_COMPILER_GLOBAL_ACCENT_COLOR_NAME = AccentColor;
				CODE_SIGN_STYLE = Automatic;
				DEVELOPMENT_TEAM = 4QCLM32W7B;
				INFOPLIST_FILE = Weather/Info.plist;
				LD_RUNPATH_SEARCH_PATHS = (
					"$(inherited)",
					"@executable_path/Frameworks",
				);
				PRODUCT_BUNDLE_IDENTIFIER = "v-anh.Weather";
				PRODUCT_NAME = "$(TARGET_NAME)";
				SWIFT_VERSION = 5.0;
				TARGETED_DEVICE_FAMILY = "1,2";
			};
			name = Debug;
		};
		6650B98426F6F60B0068857D /* Release */ = {
			isa = XCBuildConfiguration;
			buildSettings = {
				ASSETCATALOG_COMPILER_APPICON_NAME = AppIcon;
				ASSETCATALOG_COMPILER_GLOBAL_ACCENT_COLOR_NAME = AccentColor;
				CODE_SIGN_STYLE = Automatic;
				DEVELOPMENT_TEAM = 4QCLM32W7B;
				INFOPLIST_FILE = Weather/Info.plist;
				LD_RUNPATH_SEARCH_PATHS = (
					"$(inherited)",
					"@executable_path/Frameworks",
				);
				PRODUCT_BUNDLE_IDENTIFIER = "v-anh.Weather";
				PRODUCT_NAME = "$(TARGET_NAME)";
				SWIFT_VERSION = 5.0;
				TARGETED_DEVICE_FAMILY = "1,2";
			};
			name = Release;
		};
		6650B98626F6F60B0068857D /* Debug */ = {
			isa = XCBuildConfiguration;
			buildSettings = {
				ALWAYS_EMBED_SWIFT_STANDARD_LIBRARIES = YES;
				BUNDLE_LOADER = "$(TEST_HOST)";
				CODE_SIGN_STYLE = Automatic;
				DEVELOPMENT_TEAM = 4QCLM32W7B;
				INFOPLIST_FILE = WeatherTests/Info.plist;
				IPHONEOS_DEPLOYMENT_TARGET = 14.4;
				LD_RUNPATH_SEARCH_PATHS = (
					"$(inherited)",
					"@executable_path/Frameworks",
					"@loader_path/Frameworks",
				);
				PRODUCT_BUNDLE_IDENTIFIER = "v-anh.WeatherTests";
				PRODUCT_NAME = "$(TARGET_NAME)";
				SWIFT_VERSION = 5.0;
				TARGETED_DEVICE_FAMILY = "1,2";
				TEST_HOST = "$(BUILT_PRODUCTS_DIR)/Weather.app/Weather";
			};
			name = Debug;
		};
		6650B98726F6F60B0068857D /* Release */ = {
			isa = XCBuildConfiguration;
			buildSettings = {
				ALWAYS_EMBED_SWIFT_STANDARD_LIBRARIES = YES;
				BUNDLE_LOADER = "$(TEST_HOST)";
				CODE_SIGN_STYLE = Automatic;
				DEVELOPMENT_TEAM = 4QCLM32W7B;
				INFOPLIST_FILE = WeatherTests/Info.plist;
				IPHONEOS_DEPLOYMENT_TARGET = 14.4;
				LD_RUNPATH_SEARCH_PATHS = (
					"$(inherited)",
					"@executable_path/Frameworks",
					"@loader_path/Frameworks",
				);
				PRODUCT_BUNDLE_IDENTIFIER = "v-anh.WeatherTests";
				PRODUCT_NAME = "$(TARGET_NAME)";
				SWIFT_VERSION = 5.0;
				TARGETED_DEVICE_FAMILY = "1,2";
				TEST_HOST = "$(BUILT_PRODUCTS_DIR)/Weather.app/Weather";
			};
			name = Release;
		};
		6650B98926F6F60B0068857D /* Debug */ = {
			isa = XCBuildConfiguration;
			buildSettings = {
				ALWAYS_EMBED_SWIFT_STANDARD_LIBRARIES = YES;
				CODE_SIGN_STYLE = Automatic;
				DEVELOPMENT_TEAM = 4QCLM32W7B;
				INFOPLIST_FILE = WeatherUITests/Info.plist;
				LD_RUNPATH_SEARCH_PATHS = (
					"$(inherited)",
					"@executable_path/Frameworks",
					"@loader_path/Frameworks",
				);
				PRODUCT_BUNDLE_IDENTIFIER = "v-anh.WeatherUITests";
				PRODUCT_NAME = "$(TARGET_NAME)";
				SWIFT_VERSION = 5.0;
				TARGETED_DEVICE_FAMILY = "1,2";
				TEST_TARGET_NAME = Weather;
			};
			name = Debug;
		};
		6650B98A26F6F60B0068857D /* Release */ = {
			isa = XCBuildConfiguration;
			buildSettings = {
				ALWAYS_EMBED_SWIFT_STANDARD_LIBRARIES = YES;
				CODE_SIGN_STYLE = Automatic;
				DEVELOPMENT_TEAM = 4QCLM32W7B;
				INFOPLIST_FILE = WeatherUITests/Info.plist;
				LD_RUNPATH_SEARCH_PATHS = (
					"$(inherited)",
					"@executable_path/Frameworks",
					"@loader_path/Frameworks",
				);
				PRODUCT_BUNDLE_IDENTIFIER = "v-anh.WeatherUITests";
				PRODUCT_NAME = "$(TARGET_NAME)";
				SWIFT_VERSION = 5.0;
				TARGETED_DEVICE_FAMILY = "1,2";
				TEST_TARGET_NAME = Weather;
			};
			name = Release;
		};
/* End XCBuildConfiguration section */

/* Begin XCConfigurationList section */
		6650B95326F6F6090068857D /* Build configuration list for PBXProject "Weather" */ = {
			isa = XCConfigurationList;
			buildConfigurations = (
				6650B98026F6F60B0068857D /* Debug */,
				6650B98126F6F60B0068857D /* Release */,
			);
			defaultConfigurationIsVisible = 0;
			defaultConfigurationName = Release;
		};
		6650B98226F6F60B0068857D /* Build configuration list for PBXNativeTarget "Weather" */ = {
			isa = XCConfigurationList;
			buildConfigurations = (
				6650B98326F6F60B0068857D /* Debug */,
				6650B98426F6F60B0068857D /* Release */,
			);
			defaultConfigurationIsVisible = 0;
			defaultConfigurationName = Release;
		};
		6650B98526F6F60B0068857D /* Build configuration list for PBXNativeTarget "WeatherTests" */ = {
			isa = XCConfigurationList;
			buildConfigurations = (
				6650B98626F6F60B0068857D /* Debug */,
				6650B98726F6F60B0068857D /* Release */,
			);
			defaultConfigurationIsVisible = 0;
			defaultConfigurationName = Release;
		};
		6650B98826F6F60B0068857D /* Build configuration list for PBXNativeTarget "WeatherUITests" */ = {
			isa = XCConfigurationList;
			buildConfigurations = (
				6650B98926F6F60B0068857D /* Debug */,
				6650B98A26F6F60B0068857D /* Release */,
			);
			defaultConfigurationIsVisible = 0;
			defaultConfigurationName = Release;
		};
/* End XCConfigurationList section */
	};
	rootObject = 6650B95026F6F6090068857D /* Project object */;
}
